{
    "_meta": {
        "hash": {
            "sha256": "e4a1cfd030d922dc51d3a241ddd183439ce8e1140168ec0613d0e8c8121e1df4"
        },
        "pipfile-spec": 6,
        "requires": {
            "python_version": "3.7"
        },
        "sources": [
            {
                "name": "pypi",
                "url": "https://pypi.org/simple",
                "verify_ssl": true
            }
        ]
    },
    "default": {
        "marshmallow": {
            "hashes": [
                "sha256:b334bf0f4af48689b2148206e29220dfd14c3065590df7d24301c0199476aa04",
                "sha256:ce79c55b3581b35e689ae427674207ce1ead00f098bb71b1fa58cfc39b0bbe50"
            ],
            "index": "pypi",
            "version": "==2.16.1"
        },
        "sqlalchemy": {
            "hashes": [
                "sha256:c5951d9ef1d5404ed04bae5a16b60a0779087378928f997a294d1229c6ca4d3e"
            ],
            "index": "pypi",
            "version": "==1.2.12"
        }
    },
    "develop": {}
}
